PODS:
  - Adjust (5.5.2):
    - Adjust/Adjust (= 5.5.2)
  - Adjust/Adjust (5.5.2):
    - AdjustSignature (= 3.62.0)
  - AdjustSignature (3.62.0)
  - Ads-Global (7.8.0.6):
    - Ads-Global/BUAdSDK (= 7.8.0.6)
  - Ads-Global/BUAdSDK (7.8.0.6):
    - Ads-Global/PangleSDK
    - Ads-Global/TikTokBusinessSDK
  - Ads-Global/PangleSDK (7.8.0.6)
  - Ads-Global/TikTokBusinessSDK (7.8.0.6)
  - AppLovinMediationBidMachineAdapter (3.5.0.0.0):
    - AppLovinSDK (>= 13.0.0)
    - BidMachine (= 3.5.0)
  - AppLovinMediationBigoAdsAdapter (5.0.0.0):
    - AppLovinSDK (>= 12.4.1)
    - BigoADS (= 5.0.0)
  - AppLovinMediationByteDanceAdapter (7.8.0.6.0):
    - Ads-Global (= 7.8.0.6)
    - AppLovinSDK (>= 13.0.0)
  - AppLovinMediationChartboostAdapter (9.10.1.0):
    - AppLovinSDK (>= 13.0.0)
    - ChartboostSDK (= 9.10.1)
  - AppLovinMediationFacebookAdapter (6.21.0.0):
    - AppLovinSDK (>= 13.0.0)
    - FBAudienceNetwork (= 6.21.0)
  - AppLovinMediationFyberAdapter (8.4.1.0):
    - AppLovinSDK (>= 13.0.0)
    - Fyber_Marketplace_SDK (= 8.4.1)
  - AppLovinMediationGoogleAdapter (12.12.0.0):
    - AppLovinSDK (>= 13.0.0)
    - Google-Mobile-Ads-SDK (= 12.12.0)
  - AppLovinMediationGoogleAdManagerAdapter (12.12.0.0):
    - AppLovinSDK (>= 13.0.0)
    - Google-Mobile-Ads-SDK (= 12.12.0)
  - AppLovinMediationHyprMXAdapter (6.4.2.0.0):
    - AppLovinSDK (>= 13.0.0)
    - HyprMX (= 6.4.2)
  - AppLovinMediationInMobiAdapter (10.8.8.0):
    - AppLovinSDK (>= 13.0.0)
    - InMobiSDK (= 10.8.8)
  - AppLovinMediationIronSourceAdapter (9.2.0.0.0):
    - AppLovinSDK (>= 13.0.0)
    - IronSourceSDK/Ads (= 9.2.0.0)
  - AppLovinMediationLineAdapter (2.9.20250930.0):
    - AppLovinSDK (>= 13.0.0)
    - FiveAd (= 2.9.20250930)
  - AppLovinMediationMaioAdapter (2.1.6.0):
    - AppLovinSDK
    - MaioSDK-v2 (= 2.1.6)
  - AppLovinMediationMintegralAdapter (7.7.9.0.0):
    - AppLovinSDK (>= 13.0.0)
    - MintegralAdSDK (= 7.7.9)
    - MintegralAdSDK/BidSplashAd (= 7.7.9)
  - AppLovinMediationMobileFuseAdapter (1.9.3.0):
    - AppLovinSDK (>= 13.0.0)
    - MobileFuseSDK (= 1.9.3)
  - AppLovinMediationMolocoAdapter (4.1.1.0):
    - AppLovinSDK (>= 13.0.0)
    - MolocoSDKiOS (= 4.1.1)
  - AppLovinMediationMyTargetAdapter (5.29.1.0):
    - AppLovinSDK (>= 13.0.0)
    - myTargetSDK (= 5.29.1)
  - AppLovinMediationOguryPresageAdapter (5.1.1.0):
    - AppLovinSDK
    - OgurySdk (= 5.1.1)
  - AppLovinMediationPubMaticAdapter (4.10.0.0):
    - AppLovinSDK (>= 13.0.0)
    - OpenWrapSDK (= 4.10.0)
  - AppLovinMediationSmaatoAdapter (22.9.3.1):
    - AppLovinSDK (>= 13.0.0)
    - smaato-ios-sdk (= 22.9.3)
    - smaato-ios-sdk/InApp (= 22.9.3)
  - AppLovinMediationUnityAdsAdapter (4.16.2.0):
    - AppLovinSDK (>= 13.0.0)
    - UnityAds (= 4.16.2)
  - AppLovinMediationVerveAdapter (3.7.0.0):
    - AppLovinSDK (>= 13.0.0)
    - HyBid (= 3.7.0)
  - AppLovinMediationVungleAdapter (7.6.0.0):
    - AppLovinSDK (>= 13.0.0)
    - VungleAds (= 7.6.0)
  - AppLovinMediationYandexAdapter (7.16.1.0):
    - AppLovinSDK (>= 11.4.0)
    - YandexMobileAds (= 7.16.1)
  - AppLovinMediationYSONetworkAdapter (1.1.31.1):
    - AppLovinSDK
    - YsoNetworkSDK (= 1.1.31)
  - AppLovinSDK (13.5.0)
  - AppMetricaAdSupport (5.12.1):
    - AppMetricaCore (= 5.12.1)
    - AppMetricaCoreExtension (= 5.12.1)
  - AppMetricaCore (5.12.1):
    - AppMetricaCoreUtils (= 5.12.1)
    - AppMetricaEncodingUtils (= 5.12.1)
    - AppMetricaFMDB (= 5.12.1)
    - AppMetricaHostState (= 5.12.1)
    - AppMetricaIdentifiers (= 5.12.1)
    - AppMetricaKeychain (= 5.12.1)
    - AppMetricaLog (= 5.12.1)
    - AppMetricaNetwork (= 5.12.1)
    - AppMetricaPlatform (= 5.12.1)
    - AppMetricaProtobuf (= 5.12.1)
    - AppMetricaProtobufUtils (= 5.12.1)
    - AppMetricaStorageUtils (= 5.12.1)
  - AppMetricaCoreExtension (5.12.1):
    - AppMetricaCore (= 5.12.1)
    - AppMetricaStorageUtils (= 5.12.1)
  - AppMetricaCoreUtils (5.12.1):
    - AppMetricaLog (= 5.12.1)
  - AppMetricaCrashes (5.12.1):
    - AppMetricaCore (= 5.12.1)
    - AppMetricaCoreExtension (= 5.12.1)
    - AppMetricaCoreUtils (= 5.12.1)
    - AppMetricaEncodingUtils (= 5.12.1)
    - AppMetricaHostState (= 5.12.1)
    - AppMetricaLog (= 5.12.1)
    - AppMetricaPlatform (= 5.12.1)
    - AppMetricaProtobufUtils (= 5.12.1)
    - AppMetricaStorageUtils (= 5.12.1)
    - KSCrash/Recording (< 2.2.0, >= 2.1.0)
  - AppMetricaEncodingUtils (5.12.1):
    - AppMetricaCoreUtils (= 5.12.1)
    - AppMetricaLog (= 5.12.1)
    - AppMetricaPlatform (= 5.12.1)
  - AppMetricaFMDB (5.12.1)
  - AppMetricaHostState (5.12.1):
    - AppMetricaCoreUtils (= 5.12.1)
    - AppMetricaLog (= 5.12.1)
  - AppMetricaIdentifiers (5.12.1):
    - AppMetricaKeychain (= 5.12.1)
    - AppMetricaLogSwift (= 5.12.1)
    - AppMetricaPlatform (= 5.12.1)
    - AppMetricaStorageUtils (= 5.12.1)
    - AppMetricaSynchronization (= 5.12.1)
  - AppMetricaKeychain (5.12.1):
    - AppMetricaCoreUtils (= 5.12.1)
    - AppMetricaLog (= 5.12.1)
    - AppMetricaStorageUtils (= 5.12.1)
  - AppMetricaLibraryAdapter (5.12.1):
    - AppMetricaCore (= 5.12.1)
    - AppMetricaCoreExtension (= 5.12.1)
  - AppMetricaLog (5.12.1)
  - AppMetricaLogSwift (5.12.1):
    - AppMetricaLog (= 5.12.1)
  - AppMetricaNetwork (5.12.1):
    - AppMetricaCoreUtils (= 5.12.1)
    - AppMetricaLog (= 5.12.1)
    - AppMetricaPlatform (= 5.12.1)
  - AppMetricaPlatform (5.12.1):
    - AppMetricaCoreUtils (= 5.12.1)
    - AppMetricaLog (= 5.12.1)
  - AppMetricaProtobuf (5.12.1)
  - AppMetricaProtobufUtils (5.12.1):
    - AppMetricaProtobuf (= 5.12.1)
  - AppMetricaStorageUtils (5.12.1):
    - AppMetricaCoreUtils (= 5.12.1)
    - AppMetricaLog (= 5.12.1)
  - AppMetricaSynchronization (5.12.1):
    - AppMetricaLogSwift (= 5.12.1)
  - AppsFlyerFramework (6.17.8):
    - AppsFlyerFramework/Main (= 6.17.8)
  - AppsFlyerFramework/Main (6.17.8)
  - ATOM-Standalone (3.8.0)
  - BidMachine (3.5.0):
    - BidMachine/Static (= 3.5.0)
  - BidMachine/Static (3.5.0):
    - StackModules/Static (~> 3.4.0)
  - BigoADS (5.0.0)
  - ChartboostCoreSDK (1.1.0)
  - ChartboostMediationAdapterChartboost (5.9.10.0.0):
    - ChartboostMediationSDK (~> 5.0)
    - ChartboostSDK (~> 9.10.0)
  - ChartboostMediationSDK (5.4.0):
    - ChartboostCoreSDK (~> 1.0)
  - ChartboostSDK (9.10.1)
  - DivKit (32.36.0):
    - DivKit_LayoutKit (= 32.36.0)
    - DivKit_Serialization (= 32.36.0)
    - VGSL (~> 7.12)
  - DivKit_LayoutKit (32.36.0):
    - DivKit_LayoutKitInterface (= 32.36.0)
    - VGSL (~> 7.12)
  - DivKit_LayoutKitInterface (32.36.0):
    - VGSL (~> 7.12)
  - DivKit_Serialization (32.36.0):
    - VGSL (~> 7.12)
  - DivKitBinaryCompatibilityFacade (5.2.1):
    - DivKit (~> 32.14)
  - FBAudienceNetwork (6.21.0)
  - FirebaseAnalytics (11.15.0):
    - FirebaseAnalytics/Default (= 11.15.0)
    - FirebaseCore (~> 11.15.0)
    - FirebaseInstallations (~> 11.0)
    - GoogleUtilities/AppDelegateSwizzler (~> 8.1)
    - GoogleUtilities/MethodSwizzler (~> 8.1)
    - GoogleUtilities/Network (~> 8.1)
    - "GoogleUtilities/NSData+zlib (~> 8.1)"
    - nanopb (~> 3.30910.0)
  - FirebaseAnalytics/Default (11.15.0):
    - FirebaseCore (~> 11.15.0)
    - FirebaseInstallations (~> 11.0)
    - GoogleAppMeasurement/Default (= 11.15.0)
    - GoogleUtilities/AppDelegateSwizzler (~> 8.1)
    - GoogleUtilities/MethodSwizzler (~> 8.1)
    - GoogleUtilities/Network (~> 8.1)
    - "GoogleUtilities/NSData+zlib (~> 8.1)"
    - nanopb (~> 3.30910.0)
  - FirebaseCore (11.15.0):
    - FirebaseCoreInternal (~> 11.15.0)
    - GoogleUtilities/Environment (~> 8.1)
    - GoogleUtilities/Logger (~> 8.1)
  - FirebaseCoreInternal (11.15.0):
    - "GoogleUtilities/NSData+zlib (~> 8.1)"
  - FirebaseInstallations (11.15.0):
    - FirebaseCore (~> 11.15.0)
    - GoogleUtilities/Environment (~> 8.1)
    - GoogleUtilities/UserDefaults (~> 8.1)
    - PromisesObjC (~> 2.4)
  - FiveAd (2.9.20250930)
  - Fyber_Marketplace_SDK (8.4.1)
  - Google-Mobile-Ads-SDK (12.12.0):
    - GoogleUserMessagingPlatform (>= 1.1)
  - GoogleAdsOnDeviceConversion (2.1.0):
    - GoogleUtilities/Logger (~> 8.1)
    - GoogleUtilities/Network (~> 8.1)
    - nanopb (~> 3.30910.0)
  - GoogleAppMeasurement/Core (11.15.0):
    - GoogleUtilities/AppDelegateSwizzler (~> 8.1)
    - GoogleUtilities/MethodSwizzler (~> 8.1)
    - GoogleUtilities/Network (~> 8.1)
    - "GoogleUtilities/NSData+zlib (~> 8.1)"
    - nanopb (~> 3.30910.0)
  - GoogleAppMeasurement/Default (11.15.0):
    - GoogleAdsOnDeviceConversion (= 2.1.0)
    - GoogleAppMeasurement/Core (= 11.15.0)
    - GoogleAppMeasurement/IdentitySupport (= 11.15.0)
    - GoogleUtilities/AppDelegateSwizzler (~> 8.1)
    - GoogleUtilities/MethodSwizzler (~> 8.1)
    - GoogleUtilities/Network (~> 8.1)
    - "GoogleUtilities/NSData+zlib (~> 8.1)"
    - nanopb (~> 3.30910.0)
  - GoogleAppMeasurement/IdentitySupport (11.15.0):
    - GoogleAppMeasurement/Core (= 11.15.0)
    - GoogleUtilities/AppDelegateSwizzler (~> 8.1)
    - GoogleUtilities/MethodSwizzler (~> 8.1)
    - GoogleUtilities/Network (~> 8.1)
    - "GoogleUtilities/NSData+zlib (~> 8.1)"
    - nanopb (~> 3.30910.0)
  - GoogleMobileAdsMediationAppLovin (13.5.0.0):
    - AppLovinSDK (= 13.5.0)
    - Google-Mobile-Ads-SDK (~> 12.0)
  - GoogleMobileAdsMediationChartboost (9.10.1.0):
    - ChartboostSDK (= 9.10.1)
    - Google-Mobile-Ads-SDK (~> 12.0)
  - GoogleMobileAdsMediationFacebook (6.21.0.0):
    - FBAudienceNetwork (= 6.21.0)
    - Google-Mobile-Ads-SDK (~> 12.0)
  - GoogleMobileAdsMediationFyber (8.4.1.0):
    - Fyber_Marketplace_SDK (= 8.4.1)
    - Google-Mobile-Ads-SDK (~> 12.0)
  - GoogleMobileAdsMediationInMobi (10.8.8.0):
    - Google-Mobile-Ads-SDK (~> 12.0)
    - InMobiSDK (= 10.8.8)
  - GoogleMobileAdsMediationIronSource (9.2.0.0.0):
    - Google-Mobile-Ads-SDK (~> 12.0)
    - IronSourceSDK (= 9.2.0.0)
  - GoogleMobileAdsMediationLine (2.9.20250930.0):
    - FiveAd (= 2.9.20250930)
    - Google-Mobile-Ads-SDK (~> 12.0)
  - GoogleMobileAdsMediationMaio (2.1.6.1):
    - Google-Mobile-Ads-SDK (~> 12.0)
    - MaioSDK-v2 (= 2.1.6)
  - GoogleMobileAdsMediationMintegral (7.7.9.0):
    - Google-Mobile-Ads-SDK (~> 12.0)
    - MintegralAdSDK/All (= 7.7.9)
  - GoogleMobileAdsMediationMyTarget (5.29.1.0):
    - Google-Mobile-Ads-SDK (~> 12.0)
    - myTargetSDK (= 5.29.1)
  - GoogleMobileAdsMediationPangle (7.8.0.6.0):
    - Ads-Global (= 7.8.0.6)
    - Google-Mobile-Ads-SDK (~> 12.0)
  - GoogleMobileAdsMediationUnity (4.16.2.0):
    - Google-Mobile-Ads-SDK (~> 12.0)
    - UnityAds (= 4.16.2)
  - GoogleMobileAdsMediationVungle (7.6.0.0):
    - Google-Mobile-Ads-SDK (~> 12.0)
    - VungleAds (= 7.6.0)
  - GoogleUserMessagingPlatform (3.1.0)
  - GoogleUtilities/AppDelegateSwizzler (8.1.0):
    - GoogleUtilities/Environment
    - GoogleUtilities/Logger
    - GoogleUtilities/Network
    - GoogleUtilities/Privacy
  - GoogleUtilities/Environment (8.1.0):
    - GoogleUtilities/Privacy
  - GoogleUtilities/Logger (8.1.0):
    - GoogleUtilities/Environment
    - GoogleUtilities/Privacy
  - GoogleUtilities/MethodSwizzler (8.1.0):
    - GoogleUtilities/Logger
    - GoogleUtilities/Privacy
  - GoogleUtilities/Network (8.1.0):
    - GoogleUtilities/Logger
    - "GoogleUtilities/NSData+zlib"
    - GoogleUtilities/Privacy
    - GoogleUtilities/Reachability
  - "GoogleUtilities/NSData+zlib (8.1.0)":
    - GoogleUtilities/Privacy
  - GoogleUtilities/Privacy (8.1.0)
  - GoogleUtilities/Reachability (8.1.0):
    - GoogleUtilities/Logger
    - GoogleUtilities/Privacy
  - GoogleUtilities/UserDefaults (8.1.0):
    - GoogleUtilities/Logger
    - GoogleUtilities/Privacy
  - HyBid (3.7.0):
    - HyBid/ATOM (= 3.7.0)
    - HyBid/Banner (= 3.7.0)
    - HyBid/Core (= 3.7.0)
    - HyBid/FullScreen (= 3.7.0)
    - HyBid/Native (= 3.7.0)
    - HyBid/RewardedVideo (= 3.7.0)
  - HyBid/ATOM (3.7.0):
    - ATOM-Standalone
    - HyBid/Core
  - HyBid/Banner (3.7.0):
    - HyBid/Core
  - HyBid/Core (3.7.0)
  - HyBid/FullScreen (3.7.0):
    - HyBid/Core
  - HyBid/Native (3.7.0):
    - HyBid/Core
  - HyBid/RewardedVideo (3.7.0):
    - HyBid/Core
  - HyperbidToolsMCAdmobAdapter (12.12.0.0):
    - Google-Mobile-Ads-SDK (= 12.12.0)
    - HyperbidToolsMCSDK (~> 3.1)
  - HyperbidToolsMCMaxAdapter (13.5.0.1):
    - AppLovinSDK (= 13.5.0)
    - HyperbidToolsMCSDK (~> 3.1)
  - HyperbidToolsMCSDK (3.7.10)
  - HyperbidToolsMCToponAdapter (6.5.34.0):
    - HyperbidToolsMCSDK (~> 3.1)
    - TPNiOS (= 6.5.34)
  - HyprMX (6.4.2):
    - HyprMX/HyprMX-SDK (= 6.4.2)
  - HyprMX/Core (6.4.2)
  - HyprMX/HyprMX-SDK (6.4.2):
    - HyprMX/Core
  - InMobiSDK (10.8.8)
  - IronSourceAdQualitySDK (9.1.1)
  - IronSourceSDK (9.2.0.0):
    - IronSourceSDK/AdQuality (= 9.2.0.0)
    - IronSourceSDK/Ads (= 9.2.0.0)
  - IronSourceSDK/AdQuality (9.2.0.0):
    - IronSourceAdQualitySDK (~> 9.1.1)
  - IronSourceSDK/Ads (9.2.0.0)
  - KSCrash/Core (2.1.2)
  - KSCrash/Recording (2.1.2):
    - KSCrash/RecordingCore
  - KSCrash/RecordingCore (2.1.2):
    - KSCrash/Core
  - KwaiAdsSDK (1.1.0)
  - MaioSDK-v2 (2.1.6)
  - Masonry (1.1.0)
  - MCSDKMaterialPlugin (1.1.0)
  - MintegralAdSDK (7.7.9):
    - MintegralAdSDK/BannerAd (= 7.7.9)
    - MintegralAdSDK/BidBannerAd (= 7.7.9)
    - MintegralAdSDK/BidInterstitialVideoAd (= 7.7.9)
    - MintegralAdSDK/BidNativeAd (= 7.7.9)
    - MintegralAdSDK/BidNewInterstitialAd (= 7.7.9)
    - MintegralAdSDK/BidRewardVideoAd (= 7.7.9)
    - MintegralAdSDK/InterstitialVideoAd (= 7.7.9)
    - MintegralAdSDK/NativeAd (= 7.7.9)
    - MintegralAdSDK/NewInterstitialAd (= 7.7.9)
    - MintegralAdSDK/RewardVideoAd (= 7.7.9)
  - MintegralAdSDK/All (7.7.9):
    - MintegralAdSDK/BannerAd
    - MintegralAdSDK/BidNativeAd
    - MintegralAdSDK/InterstitialVideoAd
    - MintegralAdSDK/NativeAd
    - MintegralAdSDK/NativeAdvancedAd
    - MintegralAdSDK/NewInterstitialAd
    - MintegralAdSDK/RewardVideoAd
    - MintegralAdSDK/SplashAd
  - MintegralAdSDK/BannerAd (7.7.9):
    - MintegralAdSDK/NativeAd
  - MintegralAdSDK/BidBannerAd (7.7.9):
    - MintegralAdSDK/BannerAd
    - MintegralAdSDK/BidNativeAd
  - MintegralAdSDK/BidInterstitialVideoAd (7.7.9):
    - MintegralAdSDK/BidNativeAd
    - MintegralAdSDK/InterstitialVideoAd
  - MintegralAdSDK/BidNativeAd (7.7.9):
    - MintegralAdSDK/NativeAd
  - MintegralAdSDK/BidNewInterstitialAd (7.7.9):
    - MintegralAdSDK/BidNativeAd
    - MintegralAdSDK/NewInterstitialAd
  - MintegralAdSDK/BidRewardVideoAd (7.7.9):
    - MintegralAdSDK/BidNativeAd
    - MintegralAdSDK/RewardVideoAd
  - MintegralAdSDK/BidSplashAd (7.7.9):
    - MintegralAdSDK/BidNativeAd
    - MintegralAdSDK/SplashAd
  - MintegralAdSDK/InterstitialVideoAd (7.7.9):
    - MintegralAdSDK/NativeAd
  - MintegralAdSDK/NativeAd (7.7.9)
  - MintegralAdSDK/NativeAdvancedAd (7.7.9):
    - MintegralAdSDK/NativeAd
  - MintegralAdSDK/NewInterstitialAd (7.7.9):
    - MintegralAdSDK/InterstitialVideoAd
    - MintegralAdSDK/NativeAd
  - MintegralAdSDK/RewardVideoAd (7.7.9):
    - MintegralAdSDK/NativeAd
  - MintegralAdSDK/SplashAd (7.7.9):
    - MintegralAdSDK/NativeAd
  - MJRefresh (3.7.9)
  - MobileFuseSDK (1.9.3)
  - MolocoSDKiOS (4.1.1)
  - myTargetSDK (5.29.1):
    - myTrackerSDK (~> 3.2.0)
  - myTrackerSDK (3.2.3)
  - nanopb (3.30910.0):
    - nanopb/decode (= 3.30910.0)
    - nanopb/encode (= 3.30910.0)
  - nanopb/decode (3.30910.0)
  - nanopb/encode (3.30910.0)
  - OguryAds (4.1.1):
    - OguryAds/OMID (= 4.1.1)
    - OguryCore (= 2.1.0)
  - OguryAds/OMID (4.1.1):
    - OguryCore (= 2.1.0)
  - OguryCore (2.1.0)
  - OgurySdk (5.1.1):
    - OguryAds (= 4.1.1)
    - OguryCore (= 2.1.0)
  - OMSDK_Appodeal/Static (1.6.0.3)
  - OpenWrapSDK (4.10.0)
  - PromisesObjC (2.4.0)
  - SDWebImage (5.21.6):
    - SDWebImage/Core (= 5.21.6)
  - SDWebImage/Core (5.21.6)
  - smaato-ios-sdk (22.9.3):
    - smaato-ios-sdk/Full (= 22.9.3)
  - smaato-ios-sdk/Banner (22.9.3):
    - smaato-ios-sdk/Modules/Banner
    - smaato-ios-sdk/Modules/Core
    - smaato-ios-sdk/Modules/RichMedia
  - smaato-ios-sdk/Full (22.9.3):
    - smaato-ios-sdk/Banner
    - smaato-ios-sdk/Interstitial
    - smaato-ios-sdk/Native
    - smaato-ios-sdk/Outstream
    - smaato-ios-sdk/RewardedAds
  - smaato-ios-sdk/InApp (22.9.3):
    - smaato-ios-sdk/Modules/Core
  - smaato-ios-sdk/Interstitial (22.9.3):
    - smaato-ios-sdk/Modules/Interstitial
    - smaato-ios-sdk/Modules/RichMedia
    - smaato-ios-sdk/Modules/Video
  - smaato-ios-sdk/Modules/Banner (22.9.3):
    - smaato-ios-sdk/Modules/Core
  - smaato-ios-sdk/Modules/Core (22.9.3)
  - smaato-ios-sdk/Modules/Interstitial (22.9.3):
    - smaato-ios-sdk/Modules/Core
  - smaato-ios-sdk/Modules/Native (22.9.3):
    - smaato-ios-sdk/Modules/Core
  - smaato-ios-sdk/Modules/OpenMeasurement (22.9.3):
    - smaato-ios-sdk/Modules/Core
  - smaato-ios-sdk/Modules/Outstream (22.9.3):
    - smaato-ios-sdk/Modules/Banner
    - smaato-ios-sdk/Modules/Core
    - smaato-ios-sdk/Modules/RichMedia
  - smaato-ios-sdk/Modules/RewardedAds (22.9.3):
    - smaato-ios-sdk/Modules/Core
  - smaato-ios-sdk/Modules/RichMedia (22.9.3):
    - smaato-ios-sdk/Modules/Core
    - smaato-ios-sdk/Modules/OpenMeasurement
  - smaato-ios-sdk/Modules/Video (22.9.3):
    - smaato-ios-sdk/Modules/Core
    - smaato-ios-sdk/Modules/OpenMeasurement
  - smaato-ios-sdk/Native (22.9.3):
    - smaato-ios-sdk/Modules/Core
    - smaato-ios-sdk/Modules/Native
  - smaato-ios-sdk/Outstream (22.9.3):
    - smaato-ios-sdk/Modules/Outstream
  - smaato-ios-sdk/RewardedAds (22.9.3):
    - smaato-ios-sdk/Modules/RewardedAds
    - smaato-ios-sdk/Modules/Video
  - SmartdigimktSDK (6.5.42)
  - StackModules/Core-Static (3.4.7)
  - StackModules/ProductPresentation-Static (3.4.7):
    - StackModules/Core-Static
  - StackModules/Rendering-Static (3.4.7):
    - OMSDK_Appodeal/Static (= 1.6.0.3)
    - StackModules/Core-Static
    - StackModules/ProductPresentation-Static
  - StackModules/Static (3.4.7):
    - StackModules/Core-Static
    - StackModules/ProductPresentation-Static
    - StackModules/Rendering-Static
  - TPNDebugUISDK (1.0.7):
    - TPNiOS (>= 6.4.40)
  - TPNiOS (6.5.34):
    - TPNiOS/TPNSDK (= 6.5.34)
  - TPNiOS/TPNSDK (6.5.34)
  - TPNMediationAdmobAdapter (12.12.0.0):
    - Google-Mobile-Ads-SDK (= 12.12.0)
    - TPNiOS (>= 6.4.94)
  - TPNMediationAdxSmartdigimktAdapter (6.5.42.1):
    - SmartdigimktSDK (= 6.5.42)
    - TPNiOS (>= 6.5.30)
  - TPNMediationApplovinAdapter (13.5.0.1):
    - AppLovinSDK (= 13.5.0)
    - TPNiOS (>= 6.4.94)
  - TPNMediationBidMachineAdapter (3.5.0.1):
    - BidMachine (= 3.5.0)
    - TPNiOS (>= 6.4.94)
  - TPNMediationBigoAdapter (5.0.0.0):
    - BigoADS (= 5.0.0)
    - TPNiOS (>= 6.4.94)
  - TPNMediationChartboostAdapter (9.10.1.0):
    - ChartboostCoreSDK (= 1.1.0)
    - ChartboostMediationAdapterChartboost (= 5.9.10.0.0)
    - ChartboostMediationSDK (= 5.4.0)
    - ChartboostSDK (= 9.10.1)
    - TPNiOS (>= 6.4.94)
  - TPNMediationFacebookAdapter (6.21.0.0):
    - FBAudienceNetwork (= 6.21.0)
    - TPNiOS (>= 6.4.94)
  - TPNMediationFyberAdapter (8.4.1.0):
    - Fyber_Marketplace_SDK (= 8.4.1)
    - TPNiOS (>= 6.4.94)
  - TPNMediationInmobiAdapter (10.8.8.0):
    - InMobiSDK (= 10.8.8)
    - TPNiOS (>= 6.4.94)
  - TPNMediationIronSourceAdapter (9.2.0.0.0):
    - IronSourceSDK (= 9.2.0.0)
    - TPNiOS (>= 6.4.94)
  - TPNMediationKwaiAdapter (1.2.3.0):
    - KwaiAdsSDK (= 1.1.0)
    - TPNiOS (>= 6.4.94)
  - TPNMediationMintegralAdapter (7.7.9.0):
    - MintegralAdSDK/All (= 7.7.9)
    - TPNiOS (>= 6.4.94)
  - TPNMediationMolocoAdapter (4.1.1.0):
    - MolocoSDKiOS (= 4.1.1)
    - TPNiOS (>= 6.4.94)
  - TPNMediationPangleAdapter (7.8.0.6.0):
    - Ads-Global (= 7.8.0.6)
    - TPNiOS (>= 6.4.94)
  - TPNMediationPubNativeAdapter (3.7.0.0):
    - HyBid (= 3.7.0)
    - TPNiOS (>= 6.4.94)
  - TPNMediationUnityAdsAdapter (4.16.2.0):
    - TPNiOS (>= 6.4.94)
    - UnityAds (= 4.16.2)
  - TPNMediationVungleAdapter (7.6.0.1):
    - TPNiOS (>= 6.4.94)
    - VungleAds (= 7.6.0)
  - TPNMediationYandexAdapter (7.16.1.0):
    - TPNiOS (>= 6.4.94)
    - YandexMobileAds (= 7.16.1)
  - UnityAds (4.16.2)
  - VGSL (7.17.0):
    - VGSLFundamentals (= 7.17.0)
    - VGSLNetworking (= 7.17.0)
    - VGSLUI (= 7.17.0)
  - VGSLFundamentals (7.17.0)
  - VGSLNetworking (7.17.0):
    - VGSLFundamentals (= 7.17.0)
    - VGSLUI (= 7.17.0)
  - VGSLUI (7.17.0):
    - VGSLFundamentals (= 7.17.0)
  - VungleAds (7.6.0)
  - YandexMobileAds (7.16.1):
    - AppMetricaAdSupport (~> 5.12.1)
    - AppMetricaCore (~> 5.12.1)
    - AppMetricaCrashes (~> 5.12.1)
    - AppMetricaLibraryAdapter (~> 5.12.1)
    - DivKitBinaryCompatibilityFacade (~> 5.2.0)
  - YsoNetworkSDK (1.1.31)

DEPENDENCIES:
  - Adjust
  - AppLovinMediationBidMachineAdapter (= 3.5.0.0.0)
  - AppLovinMediationBigoAdsAdapter (= 5.0.0.0)
  - AppLovinMediationByteDanceAdapter (= 7.8.0.6.0)
  - AppLovinMediationChartboostAdapter (= 9.10.1.0)
  - AppLovinMediationFacebookAdapter (= 6.21.0.0)
  - AppLovinMediationFyberAdapter (= 8.4.1.0)
  - AppLovinMediationGoogleAdapter (= 12.12.0.0)
  - AppLovinMediationGoogleAdManagerAdapter (= 12.12.0.0)
  - AppLovinMediationHyprMXAdapter (= 6.4.2.0.0)
  - AppLovinMediationInMobiAdapter (= 10.8.8.0)
  - AppLovinMediationIronSourceAdapter (= 9.2.0.0.0)
  - AppLovinMediationLineAdapter (= 2.9.20250930.0)
  - AppLovinMediationMaioAdapter (= 2.1.6.0)
  - AppLovinMediationMintegralAdapter (= 7.7.9.0.0)
  - AppLovinMediationMobileFuseAdapter (= 1.9.3.0)
  - AppLovinMediationMolocoAdapter (= 4.1.1.0)
  - AppLovinMediationMyTargetAdapter (= 5.29.1.0)
  - AppLovinMediationOguryPresageAdapter (= 5.1.1.0)
  - AppLovinMediationPubMaticAdapter (= 4.10.0.0)
  - AppLovinMediationSmaatoAdapter (= 22.9.3.1)
  - AppLovinMediationUnityAdsAdapter (= 4.16.2.0)
  - AppLovinMediationVerveAdapter (= 3.7.0.0)
  - AppLovinMediationVungleAdapter (= 7.6.0.0)
  - AppLovinMediationYandexAdapter (= 7.16.1.0)
  - AppLovinMediationYSONetworkAdapter (= 1.1.31.1)
  - AppsFlyerFramework
  - FirebaseAnalytics
  - GoogleMobileAdsMediationAppLovin (= 13.5.0.0)
  - GoogleMobileAdsMediationChartboost (= 9.10.1.0)
  - GoogleMobileAdsMediationFacebook (= 6.21.0.0)
  - GoogleMobileAdsMediationFyber (= 8.4.1.0)
  - GoogleMobileAdsMediationInMobi (= 10.8.8.0)
  - GoogleMobileAdsMediationIronSource (= 9.2.0.0.0)
  - GoogleMobileAdsMediationLine (= 2.9.20250930.0)
  - GoogleMobileAdsMediationMaio (= 2.1.6.1)
  - GoogleMobileAdsMediationMintegral (= 7.7.9.0)
  - GoogleMobileAdsMediationMyTarget (= 5.29.1.0)
  - GoogleMobileAdsMediationPangle (= 7.8.0.6.0)
  - GoogleMobileAdsMediationUnity (= 4.16.2.0)
  - GoogleMobileAdsMediationVungle (= 7.6.0.0)
  - HyperbidToolsMCAdmobAdapter (= 12.12.0.0)
  - HyperbidToolsMCMaxAdapter (= 13.5.0.1)
  - HyperbidToolsMCSDK (= 3.7.10)
  - HyperbidToolsMCToponAdapter (= 6.5.34.0)
  - Masonry
  - MCSDKMaterialPlugin (= 1.1.0)
  - MJRefresh
  - SDWebImage
  - TPNDebugUISDK
  - TPNMediationAdmobAdapter (= 12.12.0.0)
  - TPNMediationAdxSmartdigimktAdapter (= 6.5.42.1)
  - TPNMediationApplovinAdapter (= 13.5.0.1)
  - TPNMediationBidMachineAdapter (= 3.5.0.1)
  - TPNMediationBigoAdapter (= 5.0.0.0)
  - TPNMediationChartboostAdapter (= 9.10.1.0)
  - TPNMediationFacebookAdapter (= 6.21.0.0)
  - TPNMediationFyberAdapter (= 8.4.1.0)
  - TPNMediationInmobiAdapter (= 10.8.8.0)
  - TPNMediationIronSourceAdapter (= 9.2.0.0.0)
  - TPNMediationKwaiAdapter (= 1.2.3.0)
  - TPNMediationMintegralAdapter (= 7.7.9.0)
  - TPNMediationMolocoAdapter (= 4.1.1.0)
  - TPNMediationPangleAdapter (= 7.8.0.6.0)
  - TPNMediationPubNativeAdapter (= 3.7.0.0)
  - TPNMediationUnityAdsAdapter (= 4.16.2.0)
  - TPNMediationVungleAdapter (= 7.6.0.1)
  - TPNMediationYandexAdapter (= 7.16.1.0)

SPEC REPOS:
  https://github.com/CocoaPods/Specs.git:
    - Adjust
    - AdjustSignature
    - Ads-Global
    - AppLovinMediationBidMachineAdapter
    - AppLovinMediationBigoAdsAdapter
    - AppLovinMediationByteDanceAdapter
    - AppLovinMediationChartboostAdapter
    - AppLovinMediationFacebookAdapter
    - AppLovinMediationFyberAdapter
    - AppLovinMediationGoogleAdapter
    - AppLovinMediationGoogleAdManagerAdapter
    - AppLovinMediationHyprMXAdapter
    - AppLovinMediationInMobiAdapter
    - AppLovinMediationIronSourceAdapter
    - AppLovinMediationLineAdapter
    - AppLovinMediationMaioAdapter
    - AppLovinMediationMintegralAdapter
    - AppLovinMediationMobileFuseAdapter
    - AppLovinMediationMolocoAdapter
    - AppLovinMediationMyTargetAdapter
    - AppLovinMediationOguryPresageAdapter
    - AppLovinMediationPubMaticAdapter
    - AppLovinMediationSmaatoAdapter
    - AppLovinMediationUnityAdsAdapter
    - AppLovinMediationVerveAdapter
    - AppLovinMediationVungleAdapter
    - AppLovinMediationYandexAdapter
    - AppLovinMediationYSONetworkAdapter
    - AppLovinSDK
    - AppMetricaAdSupport
    - AppMetricaCore
    - AppMetricaCoreExtension
    - AppMetricaCoreUtils
    - AppMetricaCrashes
    - AppMetricaEncodingUtils
    - AppMetricaFMDB
    - AppMetricaHostState
    - AppMetricaIdentifiers
    - AppMetricaKeychain
    - AppMetricaLibraryAdapter
    - AppMetricaLog
    - AppMetricaLogSwift
    - AppMetricaNetwork
    - AppMetricaPlatform
    - AppMetricaProtobuf
    - AppMetricaProtobufUtils
    - AppMetricaStorageUtils
    - AppMetricaSynchronization
    - AppsFlyerFramework
    - ATOM-Standalone
    - BidMachine
    - BigoADS
    - ChartboostCoreSDK
    - ChartboostMediationAdapterChartboost
    - ChartboostMediationSDK
    - ChartboostSDK
    - DivKit
    - DivKit_LayoutKit
    - DivKit_LayoutKitInterface
    - DivKit_Serialization
    - DivKitBinaryCompatibilityFacade
    - FBAudienceNetwork
    - FirebaseAnalytics
    - FirebaseCore
    - FirebaseCoreInternal
    - FirebaseInstallations
    - FiveAd
    - Fyber_Marketplace_SDK
    - Google-Mobile-Ads-SDK
    - GoogleAdsOnDeviceConversion
    - GoogleAppMeasurement
    - GoogleMobileAdsMediationAppLovin
    - GoogleMobileAdsMediationChartboost
    - GoogleMobileAdsMediationFacebook
    - GoogleMobileAdsMediationFyber
    - GoogleMobileAdsMediationInMobi
    - GoogleMobileAdsMediationIronSource
    - GoogleMobileAdsMediationLine
    - GoogleMobileAdsMediationMaio
    - GoogleMobileAdsMediationMintegral
    - GoogleMobileAdsMediationMyTarget
    - GoogleMobileAdsMediationPangle
    - GoogleMobileAdsMediationUnity
    - GoogleMobileAdsMediationVungle
    - GoogleUserMessagingPlatform
    - GoogleUtilities
    - HyBid
    - HyperbidToolsMCAdmobAdapter
    - HyperbidToolsMCMaxAdapter
    - HyperbidToolsMCSDK
    - HyperbidToolsMCToponAdapter
    - HyprMX
    - InMobiSDK
    - IronSourceAdQualitySDK
    - IronSourceSDK
    - KSCrash
    - KwaiAdsSDK
    - MaioSDK-v2
    - Masonry
    - MCSDKMaterialPlugin
    - MintegralAdSDK
    - MJRefresh
    - MobileFuseSDK
    - MolocoSDKiOS
    - myTargetSDK
    - myTrackerSDK
    - nanopb
    - OguryAds
    - OguryCore
    - OgurySdk
    - OMSDK_Appodeal
    - OpenWrapSDK
    - PromisesObjC
    - SDWebImage
    - smaato-ios-sdk
    - SmartdigimktSDK
    - StackModules
    - TPNDebugUISDK
    - TPNiOS
    - TPNMediationAdmobAdapter
    - TPNMediationAdxSmartdigimktAdapter
    - TPNMediationApplovinAdapter
    - TPNMediationBidMachineAdapter
    - TPNMediationBigoAdapter
    - TPNMediationChartboostAdapter
    - TPNMediationFacebookAdapter
    - TPNMediationFyberAdapter
    - TPNMediationInmobiAdapter
    - TPNMediationIronSourceAdapter
    - TPNMediationKwaiAdapter
    - TPNMediationMintegralAdapter
    - TPNMediationMolocoAdapter
    - TPNMediationPangleAdapter
    - TPNMediationPubNativeAdapter
    - TPNMediationUnityAdsAdapter
    - TPNMediationVungleAdapter
    - TPNMediationYandexAdapter
    - UnityAds
    - VGSL
    - VGSLFundamentals
    - VGSLNetworking
    - VGSLUI
    - VungleAds
    - YandexMobileAds
    - YsoNetworkSDK

SPEC CHECKSUMS:
  Adjust: b413bea97bf8056adf741481c4deab34e2d9de64
  AdjustSignature: 682d788005a6e21557913a9dc0381ae8d943ca0a
  Ads-Global: 86d6121b766b5301395fb45dc78864a93d5d37a4
  AppLovinMediationBidMachineAdapter: 9c4c1fb29dee235a5b8b209602534ffe12bfc52a
  AppLovinMediationBigoAdsAdapter: ccfc2387d774c9e10aa784a21cbb5f940a6bf1a6
  AppLovinMediationByteDanceAdapter: 6078e8757a2fca7c0d5c4417bc2a11cadd10ce63
  AppLovinMediationChartboostAdapter: 0fee21ec66fba513640d9e2f7af94e5daf58506f
  AppLovinMediationFacebookAdapter: 228611db1f86884d61c0f06bef0af0983d7e2eba
  AppLovinMediationFyberAdapter: 1c35089d48d1c5e35652d45411f65ff992c49417
  AppLovinMediationGoogleAdapter: c391f2ea7235ac2cf1a14ca3e32c01be204be467
  AppLovinMediationGoogleAdManagerAdapter: 0fb68d4145e6d298429fb3a0d3ea867b336d3f96
  AppLovinMediationHyprMXAdapter: 97a756c736b0bd50a62194f948c43589a8483618
  AppLovinMediationInMobiAdapter: dcec3b31231651c01f113c350b2cc481f19c6b04
  AppLovinMediationIronSourceAdapter: 03b05c8996010910c0a0f027e2145aac43e7b79e
  AppLovinMediationLineAdapter: 6c0071fd6b7763753a5260f97d0481b46ded8a4d
  AppLovinMediationMaioAdapter: e399d8fcdf8ce4737600fcc9e19b9d33c6ea993d
  AppLovinMediationMintegralAdapter: c73b2cbce91600868c49c08adae5cc2664bc330c
  AppLovinMediationMobileFuseAdapter: f31337bd7a9f54a19ecb73203df63c5da2c09ffa
  AppLovinMediationMolocoAdapter: 3c2b95efe0639e4eb805bf2d016a59d1eabc21d9
  AppLovinMediationMyTargetAdapter: 377d7545e69c340b0bbca7a883f31a688c50b354
  AppLovinMediationOguryPresageAdapter: 408f85d75f30e7240dc116c39ab9be1b4fa3e544
  AppLovinMediationPubMaticAdapter: f682b8d0cc67f31d0d09cee5492bae2eb10b70c5
  AppLovinMediationSmaatoAdapter: 364c81c15f796198c34c66f0c711a21a771c8b7a
  AppLovinMediationUnityAdsAdapter: 2d021a1c51213fcd66a4945776ccfc562d672a6d
  AppLovinMediationVerveAdapter: bc32be287d096c77c60890d0cb5258fdc6b25d2f
  AppLovinMediationVungleAdapter: bfa88a9705f45cc07fa27e7030de1c12045fe49d
  AppLovinMediationYandexAdapter: 5e611d3913c4e9c32b47a72c885f7c1ea988cf5c
  AppLovinMediationYSONetworkAdapter: 98be0b328ba7e5a16cf809e426505c3cddeadcad
  AppLovinSDK: bf8974163120910e6b902e9610e7c5a2c0f577b6
  AppMetricaAdSupport: 26884bc5ec935a990b6bbfa938c854c0fdf1b248
  AppMetricaCore: 145ddc416db0a7eead339de9a5e1521863426a1b
  AppMetricaCoreExtension: 1fc4222eef017e25e8f89c5b02b8563179a40d13
  AppMetricaCoreUtils: 9e23195da2dc2d76404ac49592e05f1dd276d1e8
  AppMetricaCrashes: 41d7e00fc2da7ca9c8de670546d65635c81ff821
  AppMetricaEncodingUtils: 02f48c8d45b7883c4e2a85d49ec3a66a39fd4f6d
  AppMetricaFMDB: 482767dda08c9cec7c8d115d423aacb6b21e9e89
  AppMetricaHostState: 447bc4c02107b3531ae77fc91ea200ddc32bb029
  AppMetricaIdentifiers: 1c34f28d8650c4c5c931643ac8779f431e809c9f
  AppMetricaKeychain: 76f4afe269b233c1a2493350712d24c4d18858b8
  AppMetricaLibraryAdapter: f9a428c799b5d979bf8f1fc524e58a7a3d81026c
  AppMetricaLog: 84a50f144c83a7de66778dfa990db0ac1d60e10c
  AppMetricaLogSwift: 3ca89a024f3c8c7b09f4b2ce89a6e7ce65b3b7d6
  AppMetricaNetwork: e8ba646d4408e2b62e272f8b49c66ffda103bfbd
  AppMetricaPlatform: 543e24bd127eb94c14a708770980f9203e9403b4
  AppMetricaProtobuf: 437a155c3ea82c7fc9a5f8ff5037c513a2287225
  AppMetricaProtobufUtils: f8bf3222d88f466363a657dd14b575af16327d81
  AppMetricaStorageUtils: e10b5fbf8c8d9125ad200a360c9e95e53c7a0f3c
  AppMetricaSynchronization: 3c019f1c791e11f80de51cacda4b2ed4b20935a8
  AppsFlyerFramework: 63577b60d6b9fcdab60135289979e7d1c9ec79b9
  ATOM-Standalone: ad17f0d0e60b22f67ed99e5a336425d68d324f3e
  BidMachine: 7722254fdf6641a354ceef845bcb6cc3ff8dc0f3
  BigoADS: 789ca51394adb1adb405e7e01ec8e43d3dc14f15
  ChartboostCoreSDK: 8da12d56eeb98fe3a7f3b15f65580c0f85986834
  ChartboostMediationAdapterChartboost: c5b60b0e7f97e6700c51567045e5afcde92932a5
  ChartboostMediationSDK: 2ca0b624ce2a03ba4ad26c93fac3dca3d2336763
  ChartboostSDK: 377d7bbec1cccba0f7119f5d0830bd1ada89b672
  DivKit: 4c370a5c7d668361f7de5f7badb02ef7c8a66e6c
  DivKit_LayoutKit: aa1707764a8c9acf6e61625bb8324ff8284fe584
  DivKit_LayoutKitInterface: 8647959243ac5e65eca6c78004d4a0a10940d86e
  DivKit_Serialization: 2a96f66a624dec40973c90a01e91e9dc45c669df
  DivKitBinaryCompatibilityFacade: 38b84cea43f82129388706b4c25f71519d42a18d
  FBAudienceNetwork: f4ab9e073ab98c884dbdb5ffe7c861272b380bc2
  FirebaseAnalytics: 6433dfd311ba78084fc93bdfc145e8cb75740eae
  FirebaseCore: efb3893e5b94f32b86e331e3bd6dadf18b66568e
  FirebaseCoreInternal: 9afa45b1159304c963da48addb78275ef701c6b4
  FirebaseInstallations: 317270fec08a5d418fdbc8429282238cab3ac843
  FiveAd: a2a79a8c040cbbb449ed59b1fe0646819beb2a1d
  Fyber_Marketplace_SDK: c908580dc3d65e67f2862df137f8ae7dad6e3321
  Google-Mobile-Ads-SDK: 4dde70a8c18d96b14f9548759b8cec6ecb0bc3e6
  GoogleAdsOnDeviceConversion: 2be6297a4f048459e0ae17fad9bfd2844e10cf64
  GoogleAppMeasurement: 700dce7541804bec33db590a5c496b663fbe2539
  GoogleMobileAdsMediationAppLovin: 56b7465bf2afc594982b7820d8db8ea092a57ffc
  GoogleMobileAdsMediationChartboost: e81b46360da89667a39097819710286c39e640fe
  GoogleMobileAdsMediationFacebook: 664fd50364d36531196bf24fe62d2db84cad72d0
  GoogleMobileAdsMediationFyber: 77d6b48d531842d2565d20525f63b5426810a89f
  GoogleMobileAdsMediationInMobi: 35c408065c32f31c7fe8f534a73b3d4fba4adfd8
  GoogleMobileAdsMediationIronSource: 4a48ad37b6f08104f1d9ee27d79b7016d47fca4f
  GoogleMobileAdsMediationLine: 194f77f738429c327055a4f82c6678b0224ff17c
  GoogleMobileAdsMediationMaio: 5e76be46406d8c60b7d67f7bd323c3a8bce0cdc8
  GoogleMobileAdsMediationMintegral: 9a55116721d5855db2791618f6a6de1d29432fb7
  GoogleMobileAdsMediationMyTarget: bc6560d65584a6857f2b5716377dbe6c10ad57c4
  GoogleMobileAdsMediationPangle: ff6d7f43e7a802c99ac8cf8987044ba35ff57bfc
  GoogleMobileAdsMediationUnity: c860c96e4c274e913c3e735790f3d4710fc6d96e
  GoogleMobileAdsMediationVungle: 54bd32b323146a3234c6b844b3055360e434ad83
  GoogleUserMessagingPlatform: befe603da6501006420c206222acd449bba45a9c
  GoogleUtilities: 00c88b9a86066ef77f0da2fab05f65d7768ed8e1
  HyBid: 84608b62cdebde3dcab171948959fa617957063b
  HyperbidToolsMCAdmobAdapter: d93e199e6e686344aefb7a8d4be86f430ca5ebbb
  HyperbidToolsMCMaxAdapter: 1bc0b524f53b3e1e5dec611f62e7ddf481c36b32
  HyperbidToolsMCSDK: ad514e8b8986f127c227bf4176dd6a69f6b27742
  HyperbidToolsMCToponAdapter: 39e43eb435b001a9247987b45e06794fd606fe86
  HyprMX: 225ce649cfc0018513661be11d7303011b7be5e9
  InMobiSDK: 3772de19a4fa048225857e78d8a466dda0a004a8
  IronSourceAdQualitySDK: 56314ade811a5226f76dfd377bc09aca0d6610c0
  IronSourceSDK: 66e1483cd62fb63162a965651f6f41c6b91664db
  KSCrash: bd950ede6c40a50bfc9f246c38a7f3408705fa3c
  KwaiAdsSDK: bd892c25788db912560df8dcc17711f32a742509
  MaioSDK-v2: 02780811845ba7dff080c9b92b6a5d29484ac777
  Masonry: 678fab65091a9290e40e2832a55e7ab731aad201
  MCSDKMaterialPlugin: c2e5a74a74854dca89af0dacdcfc8555e699040b
  MintegralAdSDK: 054814f99bb7e967b8974fe635d9005b225cbe42
  MJRefresh: ff9e531227924c84ce459338414550a05d2aea78
  MobileFuseSDK: a9a80d4b2d46df2684417fa2ea952a3ed39819d1
  MolocoSDKiOS: 553932150e3f5682a924181ca29a2b44cc1be6bf
  myTargetSDK: a3b862a94f48ab4eff90b63cb38eeb9d1e719101
  myTrackerSDK: 916f1768fe4cb022c62f2be1f4d7831f32253b9a
  nanopb: fad817b59e0457d11a5dfbde799381cd727c1275
  OguryAds: 6c5107fd21a7d70d505db0bea3d5bd94dce29939
  OguryCore: 77ba11cdb95d58d7093a36401140516b5bacbc7b
  OgurySdk: de2328c5df530f4ad4e8a909075460f35b47c373
  OMSDK_Appodeal: 907fdbc78ac0c6dfccb14b69a81302899dc536c9
  OpenWrapSDK: 59b6c2575a56df2d64b6c47acb7cafc118597a92
  PromisesObjC: f5707f49cb48b9636751c5b2e7d227e43fba9f47
  SDWebImage: 1bb6a1b84b6fe87b972a102bdc77dd589df33477
  smaato-ios-sdk: afa210ca22398b9ae75fddc921472b05e0bb3d37
  SmartdigimktSDK: d05e5eb7f2d091c0626c2b70bf26d8f50a29c9ca
  StackModules: 53abb3789ff65603857a7157efaac07e860cb34d
  TPNDebugUISDK: f7c5f65ae127c9ef2b8bd417a9ea4322815af053
  TPNiOS: 1c73817ea2283007e7b66b6a0882c43d0674b8c0
  TPNMediationAdmobAdapter: c3845932e8f85af96190de94a67fc837a3405da8
  TPNMediationAdxSmartdigimktAdapter: 961170cda32ebc388285463456a5ce55d5476514
  TPNMediationApplovinAdapter: 0d6e9074be398d3a481271434513a4832e31b452
  TPNMediationBidMachineAdapter: 543a7b81c298bc818c17e918f44a75e971833eae
  TPNMediationBigoAdapter: c81d9b0366b8ea7278ab77063436e5067071a893
  TPNMediationChartboostAdapter: 379136d577015d72be0422c928983dd56d8aa7d9
  TPNMediationFacebookAdapter: fc4597674a9265121d068876ab1db44a5463135b
  TPNMediationFyberAdapter: 81a8f09efdc43fb8a210decdf1dce8b1a6e07db5
  TPNMediationInmobiAdapter: 176114c1158cef713102a53dde5f7afdac9e0263
  TPNMediationIronSourceAdapter: 1b001b5a71682a2c0a77a3fb82c9f66b074aa64b
  TPNMediationKwaiAdapter: ea41586fa65150e53185fc78ae75322e33b3279e
  TPNMediationMintegralAdapter: 80322f146b2491f40156dcf10fb98eebf537adde
  TPNMediationMolocoAdapter: 4c6c95c285c8db341b7ff6526a5956c734126c06
  TPNMediationPangleAdapter: 489b6ef7e5c21c61aa742612f1221c58151434bc
  TPNMediationPubNativeAdapter: 5eb01dbe99dc8ad9a36e4a6519ac8a573b1acba2
  TPNMediationUnityAdsAdapter: 28b711acb08e4304938827fd5bbd7f35578e5d71
  TPNMediationVungleAdapter: dcffdc56d6fa0ea5ecc4b233eeea9de0a56265ae
  TPNMediationYandexAdapter: a5abfbfb3c694981c1c88fc5178f00ad52a8f78c
  UnityAds: 1f4e00833d90743e1e0cb9eb0c4749c4e0beee24
  VGSL: 6696dd84229c7d3ce8ad9b940e89bbd199e2b12d
  VGSLFundamentals: 5bd45cb6e0b594902aa9f8927402b4d787460bc7
  VGSLNetworking: 4301c663201314d27357078ec8df9dccc631ec62
  VGSLUI: 6cf73663cc3e9fcc808c095f065eb84555a5cd52
  VungleAds: 9750c739be23a102862bc234a8d789f2d93f43dd
  YandexMobileAds: 597c90e04d7f05bb7b9b6f345f6c41629e32063a
  YsoNetworkSDK: dece34b4a8fdfa85e0ac73a9d22e5df068351669

PODFILE CHECKSUM: c1b09e8bb9327d22e8f9c39cb5f1c1749b7a437b

COCOAPODS: 1.16.2
